
Microsoft Visual Studio Solution File, Format Version 12.00
# Visual Studio Version 16
VisualStudioVersion = 16.0.30621.155
MinimumVisualStudioVersion = 10.0.40219.1
Project("{FAE04EC0-301F-11D3-BF4B-00C04F79EFBC}") = "HotelReservation", "HotelReservation\HotelReservation.csproj", "{59A64E10-42B3-4F20-B352-BD681725816D}"
EndProject
Project("{FAE04EC0-301F-11D3-BF4B-00C04F79EFBC}") = "Data", "Data\Data.csproj", "{B0ECD885-6612-49D4-91E1-252C2CBCCE36}"
EndProject
Project("{FAE04EC0-301F-11D3-BF4B-00C04F79EFBC}") = "Controllers", "Controllers\Controllers.csproj", "{2CC8552B-DDA8-49B5-B5ED-AA1CA8D954A0}"
EndProject
Global
	GlobalSection(SolutionConfigurationPlatforms) = preSolution
		Debug|Any CPU = Debug|Any CPU
		Release|Any CPU = Release|Any CPU
	EndGlobalSection
	GlobalSection(ProjectConfigurationPlatforms) = postSolution
		{59A64E10-42B3-4F20-B352-BD681725816D}.Debug|Any CPU.ActiveCfg = Debug|Any CPU
		{59A64E10-42B3-4F20-B352-BD681725816D}.Debug|Any CPU.Build.0 = Debug|Any CPU
		{59A64E10-42B3-4F20-B352-BD681725816D}.Release|Any CPU.ActiveCfg = Release|Any CPU
		{59A64E10-42B3-4F20-B352-BD681725816D}.Release|Any CPU.Build.0 = Release|Any CPU
		{B0ECD885-6612-49D4-91E1-252C2CBCCE36}.Debug|Any CPU.ActiveCfg = Debug|Any CPU
		{B0ECD885-6612-49D4-91E1-252C2CBCCE36}.Debug|Any CPU.Build.0 = Debug|Any CPU
		{B0ECD885-6612-49D4-91E1-252C2CBCCE36}.Release|Any CPU.ActiveCfg = Release|Any CPU
		{B0ECD885-6612-49D4-91E1-252C2CBCCE36}.Release|Any CPU.Build.0 = Release|Any CPU
		{2CC8552B-DDA8-49B5-B5ED-AA1CA8D954A0}.Debug|Any CPU.ActiveCfg = Debug|Any CPU
		{2CC8552B-DDA8-49B5-B5ED-AA1CA8D954A0}.Debug|Any CPU.Build.0 = Debug|Any CPU
		{2CC8552B-DDA8-49B5-B5ED-AA1CA8D954A0}.Release|Any CPU.ActiveCfg = Release|Any CPU
		{2CC8552B-DDA8-49B5-B5ED-AA1CA8D954A0}.Release|Any CPU.Build.0 = Release|Any CPU
	EndGlobalSection
	GlobalSection(SolutionProperties) = preSolution
		HideSolutionNode = FALSE
	EndGlobalSection
	GlobalSection(ExtensibilityGlobals) = postSolution
		SolutionGuid = {889707FF-DA87-46DD-9F3D-867C9E07FB4A}
	EndGlobalSection
EndGlobal
